
Microsoft Visual Studio Solution File, Format Version 12.00
# Visual Studio Version 17
VisualStudioVersion = 17.14.36301.6
MinimumVisualStudioVersion = 10.0.40219.1
Project("{FAE04EC0-301F-11D3-BF4B-00C04F79EFBC}") = "WebApiShop", "WebAopiShop\WebApiShop.csproj", "{222FF2EA-8B45-481F-963F-8FB3F8D442D2}"
EndProject
Global
	GlobalSection(SolutionConfigurationPlatforms) = preSolution
		Debug|Any CPU = Debug|Any CPU
		Release|Any CPU = Release|Any CPU
	EndGlobalSection
	GlobalSection(ProjectConfigurationPlatforms) = postSolution
		{222FF2EA-8B45-481F-963F-8FB3F8D442D2}.Debug|Any CPU.ActiveCfg = Debug|Any CPU
		{222FF2EA-8B45-481F-963F-8FB3F8D442D2}.Debug|Any CPU.Build.0 = Debug|Any CPU
		{222FF2EA-8B45-481F-963F-8FB3F8D442D2}.Release|Any CPU.ActiveCfg = Release|Any CPU
		{222FF2EA-8B45-481F-963F-8FB3F8D442D2}.Release|Any CPU.Build.0 = Release|Any CPU
	EndGlobalSection
	GlobalSection(SolutionProperties) = preSolution
		HideSolutionNode = FALSE
	EndGlobalSection
	GlobalSection(ExtensibilityGlobals) = postSolution
		SolutionGuid = {48423FBD-DDA7-4AC1-99D1-957E15B6A0F3}
	EndGlobalSection
EndGlobal
